
Microsoft Visual Studio Solution File, Format Version 12.00
# Visual Studio Version 17
VisualStudioVersion = 17.11.35327.3
MinimumVisualStudioVersion = 10.0.40219.1
Project("{FAE04EC0-301F-11D3-BF4B-00C04F79EFBC}") = "HospitalPatientManagement", "HospitalPatientManagement.csproj", "{3B2F0B6D-53B8-481A-8470-55FEBFBAE491}"
EndProject
Global
	GlobalSection(SolutionConfigurationPlatforms) = preSolution
		Debug|Any CPU = Debug|Any CPU
		Release|Any CPU = Release|Any CPU
	EndGlobalSection
	GlobalSection(ProjectConfigurationPlatforms) = postSolution
		{3B2F0B6D-53B8-481A-8470-55FEBFBAE491}.Debug|Any CPU.ActiveCfg = Debug|Any CPU
		{3B2F0B6D-53B8-481A-8470-55FEBFBAE491}.Debug|Any CPU.Build.0 = Debug|Any CPU
		{3B2F0B6D-53B8-481A-8470-55FEBFBAE491}.Release|Any CPU.ActiveCfg = Release|Any CPU
		{3B2F0B6D-53B8-481A-8470-55FEBFBAE491}.Release|Any CPU.Build.0 = Release|Any CPU
	EndGlobalSection
	GlobalSection(SolutionProperties) = preSolution
		HideSolutionNode = FALSE
	EndGlobalSection
	GlobalSection(ExtensibilityGlobals) = postSolution
		SolutionGuid = {325987F4-DFCB-4D93-8E56-C2D729DEC6D6}
	EndGlobalSection
EndGlobal
